<?xml version="1.0" encoding="utf-8"?>
<Project ToolsVersion="4.0" xmlns="http://schemas.microsoft.com/developer/msbuild/2003">
  <ItemGroup>
    <ClCompile Include="ReplayBotEXE\main.cpp">
      <Filter>BotClient</Filter>
    </ClCompile>
    <ClCompile Include="ReplayBotEXE\MyBotModule.cpp">
      <Filter>BotClient</Filter>
    </ClCompile>
    <ClCompile Include="ReplayBotEXE\GameCommander.cpp">
      <Filter>BotSource</Filter>
    </ClCompile>
    <ClCompile Include="ReplayBotEXE\InformationManager.cpp">
      <Filter>BotSource</Filter>
    </ClCompile>
    <ClCompile Include="ReplayBotEXE\UXManager.cpp">
      <Filter>BotSource</Filter>
    </ClCompile>
    <ClCompile Include="ReplayBotEXE\Common.cpp">
      <Filter>BotSource\CommonUtil</Filter>
    </ClCompile>
    <ClCompile Include="ReplayBotEXE\Config.cpp">
      <Filter>BotSource\CommonUtil</Filter>
    </ClCompile>
    <ClCompile Include="ReplayBotEXE\BWEM\src\area.cpp">
      <Filter>BWEM\src</Filter>
    </ClCompile>
    <ClCompile Include="ReplayBotEXE\BWEM\src\base.cpp">
      <Filter>BWEM\src</Filter>
    </ClCompile>
    <ClCompile Include="ReplayBotEXE\BWEM\src\bwapiExt.cpp">
      <Filter>BWEM\src</Filter>
    </ClCompile>
    <ClCompile Include="ReplayBotEXE\BWEM\src\bwem.cpp">
      <Filter>BWEM\src</Filter>
    </ClCompile>
    <ClCompile Include="ReplayBotEXE\BWEM\src\cp.cpp">
      <Filter>BWEM\src</Filter>
    </ClCompile>
    <ClCompile Include="ReplayBotEXE\BWEM\src\examples.cpp">
      <Filter>BWEM\src</Filter>
    </ClCompile>
    <ClCompile Include="ReplayBotEXE\BWEM\src\exampleWall.cpp">
      <Filter>BWEM\src</Filter>
    </ClCompile>
    <ClCompile Include="ReplayBotEXE\BWEM\src\graph.cpp">
      <Filter>BWEM\src</Filter>
    </ClCompile>
    <ClCompile Include="ReplayBotEXE\BWEM\src\gridMap.cpp">
      <Filter>BWEM\src</Filter>
    </ClCompile>
    <ClCompile Include="ReplayBotEXE\BWEM\src\map.cpp">
      <Filter>BWEM\src</Filter>
    </ClCompile>
    <ClCompile Include="ReplayBotEXE\BWEM\src\mapDrawer.cpp">
      <Filter>BWEM\src</Filter>
    </ClCompile>
    <ClCompile Include="ReplayBotEXE\BWEM\src\mapImpl.cpp">
      <Filter>BWEM\src</Filter>
    </ClCompile>
    <ClCompile Include="ReplayBotEXE\BWEM\src\mapPrinter.cpp">
      <Filter>BWEM\src</Filter>
    </ClCompile>
    <ClCompile Include="ReplayBotEXE\BWEM\src\neutral.cpp">
      <Filter>BWEM\src</Filter>
    </ClCompile>
    <ClCompile Include="ReplayBotEXE\BWEM\src\tiles.cpp">
      <Filter>BWEM\src</Filter>
    </ClCompile>
    <ClCompile Include="ReplayBotEXE\BWEM\src\utils.cpp">
      <Filter>BWEM\src</Filter>
    </ClCompile>
    <ClCompile Include="ReplayBotEXE\BWEM\src\winutils.cpp">
      <Filter>BWEM\src</Filter>
    </ClCompile>
    <ClCompile Include="ReplayBotEXE\BWEM\EasyBMP_1.06\EasyBMP.cpp">
      <Filter>BWEM\EasyBMP</Filter>
    </ClCompile>
    <ClCompile Include="ReplayBotEXE\UnitData.cpp">
      <Filter>BotSource\DataStructure</Filter>
    </ClCompile>
    <ClCompile Include="ReplayBotEXE\UnitInfo.cpp">
      <Filter>BotSource\DataStructure</Filter>
    </ClCompile>
    <ClCompile Include="ReplayBotEXE\MapTools.cpp">
      <Filter>BotSource\DataStructure</Filter>
    </ClCompile>
    <ClCompile Include="ReplayBotEXE\LoggingManager.cpp">
      <Filter>BotSource</Filter>
    </ClCompile>
  </ItemGroup>
  <ItemGroup>
    <ClInclude Include="ReplayBotEXE\MyBotModule.h">
      <Filter>BotClient</Filter>
    </ClInclude>
    <ClInclude Include="ReplayBotEXE\GameCommander.h">
      <Filter>BotSource</Filter>
    </ClInclude>
    <ClInclude Include="ReplayBotEXE\InformationManager.h">
      <Filter>BotSource</Filter>
    </ClInclude>
    <ClInclude Include="ReplayBotEXE\UXManager.h">
      <Filter>BotSource</Filter>
    </ClInclude>
    <ClInclude Include="ReplayBotEXE\Common.h">
      <Filter>BotSource\CommonUtil</Filter>
    </ClInclude>
    <ClInclude Include="ReplayBotEXE\Config.h">
      <Filter>BotSource\CommonUtil</Filter>
    </ClInclude>
    <ClInclude Include="ReplayBotEXE\BWEM\src\area.h">
      <Filter>BWEM\src</Filter>
    </ClInclude>
    <ClInclude Include="ReplayBotEXE\BWEM\src\base.h">
      <Filter>BWEM\src</Filter>
    </ClInclude>
    <ClInclude Include="ReplayBotEXE\BWEM\src\bwapiExt.h">
      <Filter>BWEM\src</Filter>
    </ClInclude>
    <ClInclude Include="ReplayBotEXE\BWEM\src\bwem.h">
      <Filter>BWEM\src</Filter>
    </ClInclude>
    <ClInclude Include="ReplayBotEXE\BWEM\src\cp.h">
      <Filter>BWEM\src</Filter>
    </ClInclude>
    <ClInclude Include="ReplayBotEXE\BWEM\src\defs.h">
      <Filter>BWEM\src</Filter>
    </ClInclude>
    <ClInclude Include="ReplayBotEXE\BWEM\src\examples.h">
      <Filter>BWEM\src</Filter>
    </ClInclude>
    <ClInclude Include="ReplayBotEXE\BWEM\src\exampleWall.h">
      <Filter>BWEM\src</Filter>
    </ClInclude>
    <ClInclude Include="ReplayBotEXE\BWEM\src\graph.h">
      <Filter>BWEM\src</Filter>
    </ClInclude>
    <ClInclude Include="ReplayBotEXE\BWEM\src\gridMap.h">
      <Filter>BWEM\src</Filter>
    </ClInclude>
    <ClInclude Include="ReplayBotEXE\BWEM\src\map.h">
      <Filter>BWEM\src</Filter>
    </ClInclude>
    <ClInclude Include="ReplayBotEXE\BWEM\src\mapDrawer.h">
      <Filter>BWEM\src</Filter>
    </ClInclude>
    <ClInclude Include="ReplayBotEXE\BWEM\src\mapImpl.h">
      <Filter>BWEM\src</Filter>
    </ClInclude>
    <ClInclude Include="ReplayBotEXE\BWEM\src\mapPrinter.h">
      <Filter>BWEM\src</Filter>
    </ClInclude>
    <ClInclude Include="ReplayBotEXE\BWEM\src\neutral.h">
      <Filter>BWEM\src</Filter>
    </ClInclude>
    <ClInclude Include="ReplayBotEXE\BWEM\src\tiles.h">
      <Filter>BWEM\src</Filter>
    </ClInclude>
    <ClInclude Include="ReplayBotEXE\BWEM\src\utils.h">
      <Filter>BWEM\src</Filter>
    </ClInclude>
    <ClInclude Include="ReplayBotEXE\BWEM\src\winutils.h">
      <Filter>BWEM\src</Filter>
    </ClInclude>
    <ClInclude Include="ReplayBotEXE\BWEM\EasyBMP_1.06\EasyBMP.h">
      <Filter>BWEM\EasyBMP</Filter>
    </ClInclude>
    <ClInclude Include="ReplayBotEXE\UnitData.h">
      <Filter>BotSource\DataStructure</Filter>
    </ClInclude>
    <ClInclude Include="ReplayBotEXE\UnitInfo.h">
      <Filter>BotSource\DataStructure</Filter>
    </ClInclude>
    <ClInclude Include="ReplayBotEXE\MapTools.h">
      <Filter>BotSource\DataStructure</Filter>
    </ClInclude>
    <ClInclude Include="ReplayBotEXE\LoggingManager.h">
      <Filter>BotSource</Filter>
    </ClInclude>
  </ItemGroup>
  <ItemGroup>
    <Filter Include="BotSource">
      <UniqueIdentifier>{295ff9ca-e7f5-4de0-ba47-19bbf0421850}</UniqueIdentifier>
    </Filter>
    <Filter Include="BotSource\CommonUtil">
      <UniqueIdentifier>{41c4e5e4-ae7a-4210-b97c-af7eb92ab673}</UniqueIdentifier>
    </Filter>
    <Filter Include="BotSource\DataStructure">
      <UniqueIdentifier>{2a115475-fe41-43d7-9253-35be6a33749a}</UniqueIdentifier>
    </Filter>
    <Filter Include="BotClient">
      <UniqueIdentifier>{c8cb4e54-d671-49ab-96cc-8408316ab2bf}</UniqueIdentifier>
    </Filter>
    <Filter Include="BWEM">
      <UniqueIdentifier>{dde37e20-e1a9-47d5-a545-7c468f8272ed}</UniqueIdentifier>
    </Filter>
    <Filter Include="BWEM\doc">
      <UniqueIdentifier>{d6953c2a-7779-4dd5-bfdc-b685a45f1e61}</UniqueIdentifier>
    </Filter>
    <Filter Include="BWEM\doc\html">
      <UniqueIdentifier>{16acb652-6a36-4b29-aa19-706b386068d5}</UniqueIdentifier>
    </Filter>
    <Filter Include="BWEM\src">
      <UniqueIdentifier>{309ed729-bdf3-4e97-9397-39a5a9990462}</UniqueIdentifier>
    </Filter>
    <Filter Include="BWEM\EasyBMP">
      <UniqueIdentifier>{16556d8f-be1e-4934-ba24-153ec0755465}</UniqueIdentifier>
    </Filter>
  </ItemGroup>
  <ItemGroup>
    <Text Include="ReplayBotEXE\BWEM\LICENSE.txt">
      <Filter>BWEM</Filter>
    </Text>
    <Text Include="ReplayBotEXE\BWEM\README.txt">
      <Filter>BWEM</Filter>
    </Text>
  </ItemGroup>
  <ItemGroup>
    <None Include="ReplayBotEXE\BWEM\doc\html\about.html">
      <Filter>BWEM\doc\html</Filter>
    </None>
    <None Include="ReplayBotEXE\BWEM\doc\html\download.html">
      <Filter>BWEM\doc\html</Filter>
    </None>
    <None Include="ReplayBotEXE\BWEM\doc\html\faq.html">
      <Filter>BWEM\doc\html</Filter>
    </None>
    <None Include="ReplayBotEXE\BWEM\doc\html\features.html">
      <Filter>BWEM\doc\html</Filter>
    </None>
    <None Include="ReplayBotEXE\BWEM\doc\html\help.html">
      <Filter>BWEM\doc\html</Filter>
    </None>
    <None Include="ReplayBotEXE\BWEM\doc\html\index.html">
      <Filter>BWEM\doc\html</Filter>
    </None>
    <None Include="ReplayBotEXE\BWEM\doc\html\interactiveIron.html">
      <Filter>BWEM\doc\html</Filter>
    </None>
    <None Include="ReplayBotEXE\BWEM\doc\html\Iron.html">
      <Filter>BWEM\doc\html</Filter>
    </None>
    <None Include="ReplayBotEXE\BWEM\doc\html\start.html">
      <Filter>BWEM\doc\html</Filter>
    </None>
    <None Include="ReplayBotEXE\BWEM\doc\html\Stone.html">
      <Filter>BWEM\doc\html</Filter>
    </None>
    <None Include="ReplayBotEXE\BWEM\doc\html\style.css">
      <Filter>BWEM\doc\html</Filter>
    </None>
  </ItemGroup>
  <ItemGroup>
    <Image Include="ReplayBotEXE\BWEM\doc\html\Andromeda.png">
      <Filter>BWEM\doc\html</Filter>
    </Image>
    <Image Include="ReplayBotEXE\BWEM\doc\html\Baby Steps.png">
      <Filter>BWEM\doc\html</Filter>
    </Image>
    <Image Include="ReplayBotEXE\BWEM\doc\html\Great Barrier Reef.png">
      <Filter>BWEM\doc\html</Filter>
    </Image>
    <Image Include="ReplayBotEXE\BWEM\doc\html\Heartbreak Ridge.png">
      <Filter>BWEM\doc\html</Filter>
    </Image>
    <Image Include="ReplayBotEXE\BWEM\doc\html\Iron.jpg">
      <Filter>BWEM\doc\html</Filter>
    </Image>
    <Image Include="ReplayBotEXE\BWEM\doc\html\Ride of Valkyries.png">
      <Filter>BWEM\doc\html</Filter>
    </Image>
    <Image Include="ReplayBotEXE\BWEM\doc\html\Stone.jpg">
      <Filter>BWEM\doc\html</Filter>
    </Image>
  </ItemGroup>
</Project>